
Microsoft Visual Studio Solution File, Format Version 12.00
# Visual Studio Version 17
VisualStudioVersion = 17.14.36429.23 d17.14
MinimumVisualStudioVersion = 10.0.40219.1
Project("{FAE04EC0-301F-11D3-BF4B-00C04F79EFBC}") = "Arithmetic", "Arithmetic\Arithmetic.csproj", "{E36E3C5F-C9EE-4881-8C7F-702081251A09}"
EndProject
Global
	GlobalSection(SolutionConfigurationPlatforms) = preSolution
		Debug|Any CPU = Debug|Any CPU
		Release|Any CPU = Release|Any CPU
	EndGlobalSection
	GlobalSection(ProjectConfigurationPlatforms) = postSolution
		{E36E3C5F-C9EE-4881-8C7F-702081251A09}.Debug|Any CPU.ActiveCfg = Debug|Any CPU
		{E36E3C5F-C9EE-4881-8C7F-702081251A09}.Debug|Any CPU.Build.0 = Debug|Any CPU
		{E36E3C5F-C9EE-4881-8C7F-702081251A09}.Release|Any CPU.ActiveCfg = Release|Any CPU
		{E36E3C5F-C9EE-4881-8C7F-702081251A09}.Release|Any CPU.Build.0 = Release|Any CPU
	EndGlobalSection
	GlobalSection(SolutionProperties) = preSolution
		HideSolutionNode = FALSE
	EndGlobalSection
	GlobalSection(ExtensibilityGlobals) = postSolution
		SolutionGuid = {AA06B7C6-7235-459A-AC4B-43C5E85CDE1D}
	EndGlobalSection
EndGlobal
