Microsoft Visual Studio Solution File, Format Version 12.00
# Visual Studio Version 17
VisualStudioVersion = 17.0.31903.59
MinimumVisualStudioVersion = 10.0.40219.1
Project("{9A19103F-16F7-4668-BE54-9A1E7A4F7556F}") = "RectangleStruct", "RectangleStruct\RectangleStruct.csproj", "{AB79F0E0-0A5E-47A5-9B48-71C4870CD667}"
EndProject
Project("{9A19103F-16F7-4668-BE54-9A1E7A4F7556F}") = "RectangleStruct.UnitTests", "RectangleStruct.UnitTests\RectangleStruct.UnitTests.csproj", "{465DE684-244A-4588-836B-E53F45EBB9EC}"
EndProject
Project("{9A19103F-16F7-4668-BE54-9A1E7A4F7556F}") = "RectangleStruct.ConsoleApp", "RectangleStruct.ConsoleApp\RectangleStruct.ConsoleApp.csproj", "{C7461B51-79EB-40ED-8873-EA329DDCEBCE}"
EndProject
Global
	GlobalSection(SolutionConfigurationPlatforms) = preSolution
		Debug|Any CPU = Debug|Any CPU
		Release|Any CPU = Release|Any CPU
	EndGlobalSection
	GlobalSection(ProjectConfigurationPlatforms) = postSolution
		{AB79F0E0-0A5E-47A5-9B48-71C4870CD667}.Debug|Any CPU.ActiveCfg = Debug|Any CPU
		{AB79F0E0-0A5E-47A5-9B48-71C4870CD667}.Debug|Any CPU.Build.0 = Debug|Any CPU
		{AB79F0E0-0A5E-47A5-9B48-71C4870CD667}.Release|Any CPU.ActiveCfg = Release|Any CPU
		{AB79F0E0-0A5E-47A5-9B48-71C4870CD667}.Release|Any CPU.Build.0 = Release|Any CPU
		{465DE684-244A-4588-836B-E53F45EBB9EC}.Debug|Any CPU.ActiveCfg = Debug|Any CPU
		{465DE684-244A-4588-836B-E53F45EBB9EC}.Debug|Any CPU.Build.0 = Debug|Any CPU
		{465DE684-244A-4588-836B-E53F45EBB9EC}.Release|Any CPU.ActiveCfg = Release|Any CPU
		{465DE684-244A-4588-836B-E53F45EBB9EC}.Release|Any CPU.Build.0 = Release|Any CPU
		{C7461B51-79EB-40ED-8873-EA329DDCEBCE}.Debug|Any CPU.ActiveCfg = Debug|Any CPU
		{C7461B51-79EB-40ED-8873-EA329DDCEBCE}.Debug|Any CPU.Build.0 = Debug|Any CPU
		{C7461B51-79EB-40ED-8873-EA329DDCEBCE}.Release|Any CPU.ActiveCfg = Release|Any CPU
		{C7461B51-79EB-40ED-8873-EA329DDCEBCE}.Release|Any CPU.Build.0 = Release|Any CPU
	EndGlobalSection
	GlobalSection(SolutionProperties) = preSolution
		HideSolutionNode = FALSE
	EndGlobalSection
EndGlobal