
Microsoft Visual Studio Solution File, Format Version 12.00
# Visual Studio Version 17
VisualStudioVersion = 17.14.36429.23 d17.14
MinimumVisualStudioVersion = 10.0.40219.1
Project("{FAE04EC0-301F-11D3-BF4B-00C04F79EFBC}") = "Task-10-2", "Task-10-2\Task-10-2.csproj", "{AE14B6AD-05A4-4851-A17F-E554B43670FA}"
EndProject
Global
	GlobalSection(SolutionConfigurationPlatforms) = preSolution
		Debug|Any CPU = Debug|Any CPU
		Release|Any CPU = Release|Any CPU
	EndGlobalSection
	GlobalSection(ProjectConfigurationPlatforms) = postSolution
		{AE14B6AD-05A4-4851-A17F-E554B43670FA}.Debug|Any CPU.ActiveCfg = Debug|Any CPU
		{AE14B6AD-05A4-4851-A17F-E554B43670FA}.Debug|Any CPU.Build.0 = Debug|Any CPU
		{AE14B6AD-05A4-4851-A17F-E554B43670FA}.Release|Any CPU.ActiveCfg = Release|Any CPU
		{AE14B6AD-05A4-4851-A17F-E554B43670FA}.Release|Any CPU.Build.0 = Release|Any CPU
	EndGlobalSection
	GlobalSection(SolutionProperties) = preSolution
		HideSolutionNode = FALSE
	EndGlobalSection
	GlobalSection(ExtensibilityGlobals) = postSolution
		SolutionGuid = {08869568-1D3B-40F2-AD19-988EBB0CA58C}
	EndGlobalSection
EndGlobal
