
Microsoft Visual Studio Solution File, Format Version 12.00
# Visual Studio Version 17
VisualStudioVersion = 17.14.36429.23 d17.14
MinimumVisualStudioVersion = 10.0.40219.1
Project("{FAE04EC0-301F-11D3-BF4B-00C04F79EFBC}") = "formula", "formula\formula.csproj", "{4230CC19-3D30-4331-871D-BBC4E43EAD95}"
EndProject
Global
	GlobalSection(SolutionConfigurationPlatforms) = preSolution
		Debug|Any CPU = Debug|Any CPU
		Release|Any CPU = Release|Any CPU
	EndGlobalSection
	GlobalSection(ProjectConfigurationPlatforms) = postSolution
		{4230CC19-3D30-4331-871D-BBC4E43EAD95}.Debug|Any CPU.ActiveCfg = Debug|Any CPU
		{4230CC19-3D30-4331-871D-BBC4E43EAD95}.Debug|Any CPU.Build.0 = Debug|Any CPU
		{4230CC19-3D30-4331-871D-BBC4E43EAD95}.Release|Any CPU.ActiveCfg = Release|Any CPU
		{4230CC19-3D30-4331-871D-BBC4E43EAD95}.Release|Any CPU.Build.0 = Release|Any CPU
	EndGlobalSection
	GlobalSection(SolutionProperties) = preSolution
		HideSolutionNode = FALSE
	EndGlobalSection
	GlobalSection(ExtensibilityGlobals) = postSolution
		SolutionGuid = {9C3F180E-FCDA-487C-A247-CA80D7B65F29}
	EndGlobalSection
EndGlobal
