
Microsoft Visual Studio Solution File, Format Version 12.00
# Visual Studio Version 17
VisualStudioVersion = 17.14.36429.23 d17.14
MinimumVisualStudioVersion = 10.0.40219.1
Project("{FAE04EC0-301F-11D3-BF4B-00C04F79EFBC}") = "characters", "characters\characters.csproj", "{F5E6714F-A6F6-4030-854B-EB696D96ACCB}"
EndProject
Global
	GlobalSection(SolutionConfigurationPlatforms) = preSolution
		Debug|Any CPU = Debug|Any CPU
		Release|Any CPU = Release|Any CPU
	EndGlobalSection
	GlobalSection(ProjectConfigurationPlatforms) = postSolution
		{F5E6714F-A6F6-4030-854B-EB696D96ACCB}.Debug|Any CPU.ActiveCfg = Debug|Any CPU
		{F5E6714F-A6F6-4030-854B-EB696D96ACCB}.Debug|Any CPU.Build.0 = Debug|Any CPU
		{F5E6714F-A6F6-4030-854B-EB696D96ACCB}.Release|Any CPU.ActiveCfg = Release|Any CPU
		{F5E6714F-A6F6-4030-854B-EB696D96ACCB}.Release|Any CPU.Build.0 = Release|Any CPU
	EndGlobalSection
	GlobalSection(SolutionProperties) = preSolution
		HideSolutionNode = FALSE
	EndGlobalSection
	GlobalSection(ExtensibilityGlobals) = postSolution
		SolutionGuid = {0D639671-7738-4885-BF33-05076E05AF9C}
	EndGlobalSection
EndGlobal
